// !$*UTF8*$!
{
	archiveVersion = 1;
	classes = {
	};
	objectVersion = 56;
	objects = {

/* Begin PBXBuildFile section */
		823120B62A30B89D005DCBA0 /* MapView.swift in Sources */ = {isa = PBXBuildFile; fileRef = 823120B52A30B89D005DCBA0 /* MapView.swift */; };
		823120B82A30B8A7005DCBA0 /* MyPageView.swift in Sources */ = {isa = PBXBuildFile; fileRef = 823120B72A30B8A7005DCBA0 /* MyPageView.swift */; };
		823120BA2A30CB4D005DCBA0 /* RootDomain.swift in Sources */ = {isa = PBXBuildFile; fileRef = 823120B92A30CB4D005DCBA0 /* RootDomain.swift */; };
		8280B6BF2A2DD6E20089AE10 /* ComposableArchitecture in Frameworks */ = {isa = PBXBuildFile; productRef = 8280B6BE2A2DD6E20089AE10 /* ComposableArchitecture */; };
		8285B26B2A28AA0500A843DF /* kkosunaeApp.swift in Sources */ = {isa = PBXBuildFile; fileRef = 8285B26A2A28AA0500A843DF /* kkosunaeApp.swift */; };
		8285B26D2A28AA0500A843DF /* RootView.swift in Sources */ = {isa = PBXBuildFile; fileRef = 8285B26C2A28AA0500A843DF /* RootView.swift */; };
		8285B26F2A28AA0700A843DF /* Assets.xcassets in Resources */ = {isa = PBXBuildFile; fileRef = 8285B26E2A28AA0700A843DF /* Assets.xcassets */; };
		8285B2722A28AA0700A843DF /* Preview Assets.xcassets in Resources */ = {isa = PBXBuildFile; fileRef = 8285B2712A28AA0700A843DF /* Preview Assets.xcassets */; };
		8285B27C2A28AA0700A843DF /* kkosunaeTests.swift in Sources */ = {isa = PBXBuildFile; fileRef = 8285B27B2A28AA0700A843DF /* kkosunaeTests.swift */; };
		8285B2862A28AA0700A843DF /* kkosunaeUITests.swift in Sources */ = {isa = PBXBuildFile; fileRef = 8285B2852A28AA0700A843DF /* kkosunaeUITests.swift */; };
		8285B2882A28AA0700A843DF /* kkosunaeUITestsLaunchTests.swift in Sources */ = {isa = PBXBuildFile; fileRef = 8285B2872A28AA0700A843DF /* kkosunaeUITestsLaunchTests.swift */; };
		96772A1C084A2BD1EAFE9A45 /* Pods_kkosunae_kkosunaeUITests.framework in Frameworks */ = {isa = PBXBuildFile; fileRef = D02E7903B444114C2C67EF48 /* Pods_kkosunae_kkosunaeUITests.framework */; };
		E9EEDDA65937E7924BCE410D /* Pods_kkosunae.framework in Frameworks */ = {isa = PBXBuildFile; fileRef = B5E05B95A5F648FFF275914E /* Pods_kkosunae.framework */; };
		FE5BE96898FADD38DA3A1758 /* Pods_kkosunaeTests.framework in Frameworks */ = {isa = PBXBuildFile; fileRef = B0F21E5F62D16CF58A63DB2D /* Pods_kkosunaeTests.framework */; };
/* End PBXBuildFile section */

/* Begin PBXContainerItemProxy section */
		8285B2782A28AA0700A843DF /* PBXContainerItemProxy */ = {
			isa = PBXContainerItemProxy;
			containerPortal = 8285B25F2A28AA0500A843DF /* Project object */;
			proxyType = 1;
			remoteGlobalIDString = 8285B2662A28AA0500A843DF;
			remoteInfo = kkosunae;
		};
		8285B2822A28AA0700A843DF /* PBXContainerItemProxy */ = {
			isa = PBXContainerItemProxy;
			containerPortal = 8285B25F2A28AA0500A843DF /* Project object */;
			proxyType = 1;
			remoteGlobalIDString = 8285B2662A28AA0500A843DF;
			remoteInfo = kkosunae;
		};
/* End PBXContainerItemProxy section */

/* Begin PBXFileReference section */
		23F8B4CB7699E05FA3CF36AD /* Pods-kkosunaeTests.debug.xcconfig */ = {isa = PBXFileReference; includeInIndex = 1; lastKnownFileType = text.xcconfig; name = "Pods-kkosunaeTests.debug.xcconfig"; path = "Target Support Files/Pods-kkosunaeTests/Pods-kkosunaeTests.debug.xcconfig"; sourceTree = "<group>"; };
		823120B52A30B89D005DCBA0 /* MapView.swift */ = {isa = PBXFileReference; lastKnownFileType = sourcecode.swift; path = MapView.swift; sourceTree = "<group>"; };
		823120B72A30B8A7005DCBA0 /* MyPageView.swift */ = {isa = PBXFileReference; lastKnownFileType = sourcecode.swift; path = MyPageView.swift; sourceTree = "<group>"; };
		823120B92A30CB4D005DCBA0 /* RootDomain.swift */ = {isa = PBXFileReference; lastKnownFileType = sourcecode.swift; path = RootDomain.swift; sourceTree = "<group>"; };
		8280B6C02A2DDDDD0089AE10 /* Info.plist */ = {isa = PBXFileReference; lastKnownFileType = text.plist; path = Info.plist; sourceTree = "<group>"; };
		8285B2672A28AA0500A843DF /* kkosunae.app */ = {isa = PBXFileReference; explicitFileType = wrapper.application; includeInIndex = 0; path = kkosunae.app; sourceTree = BUILT_PRODUCTS_DIR; };
		8285B26A2A28AA0500A843DF /* kkosunaeApp.swift */ = {isa = PBXFileReference; lastKnownFileType = sourcecode.swift; path = kkosunaeApp.swift; sourceTree = "<group>"; };
		8285B26C2A28AA0500A843DF /* RootView.swift */ = {isa = PBXFileReference; lastKnownFileType = sourcecode.swift; path = RootView.swift; sourceTree = "<group>"; };
		8285B26E2A28AA0700A843DF /* Assets.xcassets */ = {isa = PBXFileReference; lastKnownFileType = folder.assetcatalog; path = Assets.xcassets; sourceTree = "<group>"; };
		8285B2712A28AA0700A843DF /* Preview Assets.xcassets */ = {isa = PBXFileReference; lastKnownFileType = folder.assetcatalog; path = "Preview Assets.xcassets"; sourceTree = "<group>"; };
		8285B2772A28AA0700A843DF /* kkosunaeTests.xctest */ = {isa = PBXFileReference; explicitFileType = wrapper.cfbundle; includeInIndex = 0; path = kkosunaeTests.xctest; sourceTree = BUILT_PRODUCTS_DIR; };
		8285B27B2A28AA0700A843DF /* kkosunaeTests.swift */ = {isa = PBXFileReference; lastKnownFileType = sourcecode.swift; path = kkosunaeTests.swift; sourceTree = "<group>"; };
		8285B2812A28AA0700A843DF /* kkosunaeUITests.xctest */ = {isa = PBXFileReference; explicitFileType = wrapper.cfbundle; includeInIndex = 0; path = kkosunaeUITests.xctest; sourceTree = BUILT_PRODUCTS_DIR; };
		8285B2852A28AA0700A843DF /* kkosunaeUITests.swift */ = {isa = PBXFileReference; lastKnownFileType = sourcecode.swift; path = kkosunaeUITests.swift; sourceTree = "<group>"; };
		8285B2872A28AA0700A843DF /* kkosunaeUITestsLaunchTests.swift */ = {isa = PBXFileReference; lastKnownFileType = sourcecode.swift; path = kkosunaeUITestsLaunchTests.swift; sourceTree = "<group>"; };
		926325ED2783C47E6E1F358D /* Pods-kkosunae.release.xcconfig */ = {isa = PBXFileReference; includeInIndex = 1; lastKnownFileType = text.xcconfig; name = "Pods-kkosunae.release.xcconfig"; path = "Target Support Files/Pods-kkosunae/Pods-kkosunae.release.xcconfig"; sourceTree = "<group>"; };
		AC5D3F86F76FB802402009EB /* Pods-kkosunae-kkosunaeUITests.debug.xcconfig */ = {isa = PBXFileReference; includeInIndex = 1; lastKnownFileType = text.xcconfig; name = "Pods-kkosunae-kkosunaeUITests.debug.xcconfig"; path = "Target Support Files/Pods-kkosunae-kkosunaeUITests/Pods-kkosunae-kkosunaeUITests.debug.xcconfig"; sourceTree = "<group>"; };
		B0F21E5F62D16CF58A63DB2D /* Pods_kkosunaeTests.framework */ = {isa = PBXFileReference; explicitFileType = wrapper.framework; includeInIndex = 0; path = Pods_kkosunaeTests.framework; sourceTree = BUILT_PRODUCTS_DIR; };
		B39D768D837C1B15B341DCE4 /* Pods-kkosunaeTests.release.xcconfig */ = {isa = PBXFileReference; includeInIndex = 1; lastKnownFileType = text.xcconfig; name = "Pods-kkosunaeTests.release.xcconfig"; path = "Target Support Files/Pods-kkosunaeTests/Pods-kkosunaeTests.release.xcconfig"; sourceTree = "<group>"; };
		B5E05B95A5F648FFF275914E /* Pods_kkosunae.framework */ = {isa = PBXFileReference; explicitFileType = wrapper.framework; includeInIndex = 0; path = Pods_kkosunae.framework; sourceTree = BUILT_PRODUCTS_DIR; };
		D02E7903B444114C2C67EF48 /* Pods_kkosunae_kkosunaeUITests.framework */ = {isa = PBXFileReference; explicitFileType = wrapper.framework; includeInIndex = 0; path = Pods_kkosunae_kkosunaeUITests.framework; sourceTree = BUILT_PRODUCTS_DIR; };
		D52DE4BD4E4710447AA5D55F /* Pods-kkosunae-kkosunaeUITests.release.xcconfig */ = {isa = PBXFileReference; includeInIndex = 1; lastKnownFileType = text.xcconfig; name = "Pods-kkosunae-kkosunaeUITests.release.xcconfig"; path = "Target Support Files/Pods-kkosunae-kkosunaeUITests/Pods-kkosunae-kkosunaeUITests.release.xcconfig"; sourceTree = "<group>"; };
		EBB65E1A260797A701B35F72 /* Pods-kkosunae.debug.xcconfig */ = {isa = PBXFileReference; includeInIndex = 1; lastKnownFileType = text.xcconfig; name = "Pods-kkosunae.debug.xcconfig"; path = "Target Support Files/Pods-kkosunae/Pods-kkosunae.debug.xcconfig"; sourceTree = "<group>"; };
/* End PBXFileReference section */

/* Begin PBXFrameworksBuildPhase section */
		8285B2642A28AA0500A843DF /* Frameworks */ = {
			isa = PBXFrameworksBuildPhase;
			buildActionMask = 2147483647;
			files = (
				8280B6BF2A2DD6E20089AE10 /* ComposableArchitecture in Frameworks */,
				E9EEDDA65937E7924BCE410D /* Pods_kkosunae.framework in Frameworks */,
			);
			runOnlyForDeploymentPostprocessing = 0;
		};
		8285B2742A28AA0700A843DF /* Frameworks */ = {
			isa = PBXFrameworksBuildPhase;
			buildActionMask = 2147483647;
			files = (
				FE5BE96898FADD38DA3A1758 /* Pods_kkosunaeTests.framework in Frameworks */,
			);
			runOnlyForDeploymentPostprocessing = 0;
		};
		8285B27E2A28AA0700A843DF /* Frameworks */ = {
			isa = PBXFrameworksBuildPhase;
			buildActionMask = 2147483647;
			files = (
				96772A1C084A2BD1EAFE9A45 /* Pods_kkosunae_kkosunaeUITests.framework in Frameworks */,
			);
			runOnlyForDeploymentPostprocessing = 0;
		};
/* End PBXFrameworksBuildPhase section */

/* Begin PBXGroup section */
		0C7E6EFE98ECFC963D334843 /* Frameworks */ = {
			isa = PBXGroup;
			children = (
				B5E05B95A5F648FFF275914E /* Pods_kkosunae.framework */,
				D02E7903B444114C2C67EF48 /* Pods_kkosunae_kkosunaeUITests.framework */,
				B0F21E5F62D16CF58A63DB2D /* Pods_kkosunaeTests.framework */,
			);
			name = Frameworks;
			sourceTree = "<group>";
		};
		823120B22A30B86E005DCBA0 /* Root */ = {
			isa = PBXGroup;
			children = (
				8285B26A2A28AA0500A843DF /* kkosunaeApp.swift */,
				8285B26C2A28AA0500A843DF /* RootView.swift */,
				823120B92A30CB4D005DCBA0 /* RootDomain.swift */,
			);
			path = Root;
			sourceTree = "<group>";
		};
		823120B32A30B87E005DCBA0 /* Map */ = {
			isa = PBXGroup;
			children = (
				823120B52A30B89D005DCBA0 /* MapView.swift */,
			);
			path = Map;
			sourceTree = "<group>";
		};
		823120B42A30B880005DCBA0 /* MyPage */ = {
			isa = PBXGroup;
			children = (
				823120B72A30B8A7005DCBA0 /* MyPageView.swift */,
			);
			path = MyPage;
			sourceTree = "<group>";
		};
		8285B25E2A28AA0500A843DF = {
			isa = PBXGroup;
			children = (
				8285B2692A28AA0500A843DF /* kkosunae */,
				8285B27A2A28AA0700A843DF /* kkosunaeTests */,
				8285B2842A28AA0700A843DF /* kkosunaeUITests */,
				8285B2682A28AA0500A843DF /* Products */,
				D7735BB020F3D255F4D94590 /* Pods */,
				0C7E6EFE98ECFC963D334843 /* Frameworks */,
			);
			sourceTree = "<group>";
		};
		8285B2682A28AA0500A843DF /* Products */ = {
			isa = PBXGroup;
			children = (
				8285B2672A28AA0500A843DF /* kkosunae.app */,
				8285B2772A28AA0700A843DF /* kkosunaeTests.xctest */,
				8285B2812A28AA0700A843DF /* kkosunaeUITests.xctest */,
			);
			name = Products;
			sourceTree = "<group>";
		};
		8285B2692A28AA0500A843DF /* kkosunae */ = {
			isa = PBXGroup;
			children = (
				823120B22A30B86E005DCBA0 /* Root */,
				823120B32A30B87E005DCBA0 /* Map */,
				823120B42A30B880005DCBA0 /* MyPage */,
				8280B6C02A2DDDDD0089AE10 /* Info.plist */,
				8285B26E2A28AA0700A843DF /* Assets.xcassets */,
				8285B2702A28AA0700A843DF /* Preview Content */,
			);
			path = kkosunae;
			sourceTree = "<group>";
		};
		8285B2702A28AA0700A843DF /* Preview Content */ = {
			isa = PBXGroup;
			children = (
				8285B2712A28AA0700A843DF /* Preview Assets.xcassets */,
			);
			path = "Preview Content";
			sourceTree = "<group>";
		};
		8285B27A2A28AA0700A843DF /* kkosunaeTests */ = {
			isa = PBXGroup;
			children = (
				8285B27B2A28AA0700A843DF /* kkosunaeTests.swift */,
			);
			path = kkosunaeTests;
			sourceTree = "<group>";
		};
		8285B2842A28AA0700A843DF /* kkosunaeUITests */ = {
			isa = PBXGroup;
			children = (
				8285B2852A28AA0700A843DF /* kkosunaeUITests.swift */,
				8285B2872A28AA0700A843DF /* kkosunaeUITestsLaunchTests.swift */,
			);
			path = kkosunaeUITests;
			sourceTree = "<group>";
		};
		D7735BB020F3D255F4D94590 /* Pods */ = {
			isa = PBXGroup;
			children = (
				EBB65E1A260797A701B35F72 /* Pods-kkosunae.debug.xcconfig */,
				926325ED2783C47E6E1F358D /* Pods-kkosunae.release.xcconfig */,
				AC5D3F86F76FB802402009EB /* Pods-kkosunae-kkosunaeUITests.debug.xcconfig */,
				D52DE4BD4E4710447AA5D55F /* Pods-kkosunae-kkosunaeUITests.release.xcconfig */,
				23F8B4CB7699E05FA3CF36AD /* Pods-kkosunaeTests.debug.xcconfig */,
				B39D768D837C1B15B341DCE4 /* Pods-kkosunaeTests.release.xcconfig */,
			);
			name = Pods;
			path = Pods;
			sourceTree = "<group>";
		};
/* End PBXGroup section */

/* Begin PBXNativeTarget section */
		8285B2662A28AA0500A843DF /* kkosunae */ = {
			isa = PBXNativeTarget;
			buildConfigurationList = 8285B28B2A28AA0700A843DF /* Build configuration list for PBXNativeTarget "kkosunae" */;
			buildPhases = (
				9061979208D571C61E17FBDD /* [CP] Check Pods Manifest.lock */,
				8285B2632A28AA0500A843DF /* Sources */,
				8285B2642A28AA0500A843DF /* Frameworks */,
				8285B2652A28AA0500A843DF /* Resources */,
				18F111FC7DE7ABD89205AF44 /* [CP] Embed Pods Frameworks */,
			);
			buildRules = (
			);
			dependencies = (
			);
			name = kkosunae;
			packageProductDependencies = (
				8280B6BE2A2DD6E20089AE10 /* ComposableArchitecture */,
			);
			productName = kkosunae;
			productReference = 8285B2672A28AA0500A843DF /* kkosunae.app */;
			productType = "com.apple.product-type.application";
		};
		8285B2762A28AA0700A843DF /* kkosunaeTests */ = {
			isa = PBXNativeTarget;
			buildConfigurationList = 8285B28E2A28AA0700A843DF /* Build configuration list for PBXNativeTarget "kkosunaeTests" */;
			buildPhases = (
				EE8539B5E4C0C68FF722CC1C /* [CP] Check Pods Manifest.lock */,
				8285B2732A28AA0700A843DF /* Sources */,
				8285B2742A28AA0700A843DF /* Frameworks */,
				8285B2752A28AA0700A843DF /* Resources */,
			);
			buildRules = (
			);
			dependencies = (
				8285B2792A28AA0700A843DF /* PBXTargetDependency */,
			);
			name = kkosunaeTests;
			productName = kkosunaeTests;
			productReference = 8285B2772A28AA0700A843DF /* kkosunaeTests.xctest */;
			productType = "com.apple.product-type.bundle.unit-test";
		};
		8285B2802A28AA0700A843DF /* kkosunaeUITests */ = {
			isa = PBXNativeTarget;
			buildConfigurationList = 8285B2912A28AA0700A843DF /* Build configuration list for PBXNativeTarget "kkosunaeUITests" */;
			buildPhases = (
				222366037F7ED7424351F7E1 /* [CP] Check Pods Manifest.lock */,
				8285B27D2A28AA0700A843DF /* Sources */,
				8285B27E2A28AA0700A843DF /* Frameworks */,
				8285B27F2A28AA0700A843DF /* Resources */,
				09B74739A41A1A465D81B11D /* [CP] Embed Pods Frameworks */,
			);
			buildRules = (
			);
			dependencies = (
				8285B2832A28AA0700A843DF /* PBXTargetDependency */,
			);
			name = kkosunaeUITests;
			productName = kkosunaeUITests;
			productReference = 8285B2812A28AA0700A843DF /* kkosunaeUITests.xctest */;
			productType = "com.apple.product-type.bundle.ui-testing";
		};
/* End PBXNativeTarget section */

/* Begin PBXProject section */
		8285B25F2A28AA0500A843DF /* Project object */ = {
			isa = PBXProject;
			attributes = {
				BuildIndependentTargetsInParallel = 1;
				LastSwiftUpdateCheck = 1430;
				LastUpgradeCheck = 1430;
				TargetAttributes = {
					8285B2662A28AA0500A843DF = {
						CreatedOnToolsVersion = 14.3;
					};
					8285B2762A28AA0700A843DF = {
						CreatedOnToolsVersion = 14.3;
						TestTargetID = 8285B2662A28AA0500A843DF;
					};
					8285B2802A28AA0700A843DF = {
						CreatedOnToolsVersion = 14.3;
						TestTargetID = 8285B2662A28AA0500A843DF;
					};
				};
			};
			buildConfigurationList = 8285B2622A28AA0500A843DF /* Build configuration list for PBXProject "kkosunae" */;
			compatibilityVersion = "Xcode 14.0";
			developmentRegion = en;
			hasScannedForEncodings = 0;
			knownRegions = (
				en,
				Base,
			);
			mainGroup = 8285B25E2A28AA0500A843DF;
			packageReferences = (
				8280B6BD2A2DD6E20089AE10 /* XCRemoteSwiftPackageReference "swift-composable-architecture" */,
			);
			productRefGroup = 8285B2682A28AA0500A843DF /* Products */;
			projectDirPath = "";
			projectRoot = "";
			targets = (
				8285B2662A28AA0500A843DF /* kkosunae */,
				8285B2762A28AA0700A843DF /* kkosunaeTests */,
				8285B2802A28AA0700A843DF /* kkosunaeUITests */,
			);
		};
/* End PBXProject section */

/* Begin PBXResourcesBuildPhase section */
		8285B2652A28AA0500A843DF /* Resources */ = {
			isa = PBXResourcesBuildPhase;
			buildActionMask = 2147483647;
			files = (
				8285B2722A28AA0700A843DF /* Preview Assets.xcassets in Resources */,
				8285B26F2A28AA0700A843DF /* Assets.xcassets in Resources */,
			);
			runOnlyForDeploymentPostprocessing = 0;
		};
		8285B2752A28AA0700A843DF /* Resources */ = {
			isa = PBXResourcesBuildPhase;
			buildActionMask = 2147483647;
			files = (
			);
			runOnlyForDeploymentPostprocessing = 0;
		};
		8285B27F2A28AA0700A843DF /* Resources */ = {
			isa = PBXResourcesBuildPhase;
			buildActionMask = 2147483647;
			files = (
			);
			runOnlyForDeploymentPostprocessing = 0;
		};
/* End PBXResourcesBuildPhase section */

/* Begin PBXShellScriptBuildPhase section */
		09B74739A41A1A465D81B11D /* [CP] Embed Pods Frameworks */ = {
			isa = PBXShellScriptBuildPhase;
			buildActionMask = 2147483647;
			files = (
			);
			inputFileListPaths = (
				"${PODS_ROOT}/Target Support Files/Pods-kkosunae-kkosunaeUITests/Pods-kkosunae-kkosunaeUITests-frameworks-${CONFIGURATION}-input-files.xcfilelist",
			);
			name = "[CP] Embed Pods Frameworks";
			outputFileListPaths = (
				"${PODS_ROOT}/Target Support Files/Pods-kkosunae-kkosunaeUITests/Pods-kkosunae-kkosunaeUITests-frameworks-${CONFIGURATION}-output-files.xcfilelist",
			);
			runOnlyForDeploymentPostprocessing = 0;
			shellPath = /bin/sh;
			shellScript = "\"${PODS_ROOT}/Target Support Files/Pods-kkosunae-kkosunaeUITests/Pods-kkosunae-kkosunaeUITests-frameworks.sh\"\n";
			showEnvVarsInLog = 0;
		};
		18F111FC7DE7ABD89205AF44 /* [CP] Embed Pods Frameworks */ = {
			isa = PBXShellScriptBuildPhase;
			buildActionMask = 2147483647;
			files = (
			);
			inputFileListPaths = (
				"${PODS_ROOT}/Target Support Files/Pods-kkosunae/Pods-kkosunae-frameworks-${CONFIGURATION}-input-files.xcfilelist",
			);
			name = "[CP] Embed Pods Frameworks";
			outputFileListPaths = (
				"${PODS_ROOT}/Target Support Files/Pods-kkosunae/Pods-kkosunae-frameworks-${CONFIGURATION}-output-files.xcfilelist",
			);
			runOnlyForDeploymentPostprocessing = 0;
			shellPath = /bin/sh;
			shellScript = "\"${PODS_ROOT}/Target Support Files/Pods-kkosunae/Pods-kkosunae-frameworks.sh\"\n";
			showEnvVarsInLog = 0;
		};
		222366037F7ED7424351F7E1 /* [CP] Check Pods Manifest.lock */ = {
			isa = PBXShellScriptBuildPhase;
			buildActionMask = 2147483647;
			files = (
			);
			inputFileListPaths = (
			);
			inputPaths = (
				"${PODS_PODFILE_DIR_PATH}/Podfile.lock",
				"${PODS_ROOT}/Manifest.lock",
			);
			name = "[CP] Check Pods Manifest.lock";
			outputFileListPaths = (
			);
			outputPaths = (
				"$(DERIVED_FILE_DIR)/Pods-kkosunae-kkosunaeUITests-checkManifestLockResult.txt",
			);
			runOnlyForDeploymentPostprocessing = 0;
			shellPath = /bin/sh;
			shellScript = "diff \"${PODS_PODFILE_DIR_PATH}/Podfile.lock\" \"${PODS_ROOT}/Manifest.lock\" > /dev/null\nif [ $? != 0 ] ; then\n    # print error to STDERR\n    echo \"error: The sandbox is not in sync with the Podfile.lock. Run 'pod install' or update your CocoaPods installation.\" >&2\n    exit 1\nfi\n# This output is used by Xcode 'outputs' to avoid re-running this script phase.\necho \"SUCCESS\" > \"${SCRIPT_OUTPUT_FILE_0}\"\n";
			showEnvVarsInLog = 0;
		};
		9061979208D571C61E17FBDD /* [CP] Check Pods Manifest.lock */ = {
			isa = PBXShellScriptBuildPhase;
			buildActionMask = 2147483647;
			files = (
			);
			inputFileListPaths = (
			);
			inputPaths = (
				"${PODS_PODFILE_DIR_PATH}/Podfile.lock",
				"${PODS_ROOT}/Manifest.lock",
			);
			name = "[CP] Check Pods Manifest.lock";
			outputFileListPaths = (
			);
			outputPaths = (
				"$(DERIVED_FILE_DIR)/Pods-kkosunae-checkManifestLockResult.txt",
			);
			runOnlyForDeploymentPostprocessing = 0;
			shellPath = /bin/sh;
			shellScript = "diff \"${PODS_PODFILE_DIR_PATH}/Podfile.lock\" \"${PODS_ROOT}/Manifest.lock\" > /dev/null\nif [ $? != 0 ] ; then\n    # print error to STDERR\n    echo \"error: The sandbox is not in sync with the Podfile.lock. Run 'pod install' or update your CocoaPods installation.\" >&2\n    exit 1\nfi\n# This output is used by Xcode 'outputs' to avoid re-running this script phase.\necho \"SUCCESS\" > \"${SCRIPT_OUTPUT_FILE_0}\"\n";
			showEnvVarsInLog = 0;
		};
		EE8539B5E4C0C68FF722CC1C /* [CP] Check Pods Manifest.lock */ = {
			isa = PBXShellScriptBuildPhase;
			buildActionMask = 2147483647;
			files = (
			);
			inputFileListPaths = (
			);
			inputPaths = (
				"${PODS_PODFILE_DIR_PATH}/Podfile.lock",
				"${PODS_ROOT}/Manifest.lock",
			);
			name = "[CP] Check Pods Manifest.lock";
			outputFileListPaths = (
			);
			outputPaths = (
				"$(DERIVED_FILE_DIR)/Pods-kkosunaeTests-checkManifestLockResult.txt",
			);
			runOnlyForDeploymentPostprocessing = 0;
			shellPath = /bin/sh;
			shellScript = "diff \"${PODS_PODFILE_DIR_PATH}/Podfile.lock\" \"${PODS_ROOT}/Manifest.lock\" > /dev/null\nif [ $? != 0 ] ; then\n    # print error to STDERR\n    echo \"error: The sandbox is not in sync with the Podfile.lock. Run 'pod install' or update your CocoaPods installation.\" >&2\n    exit 1\nfi\n# This output is used by Xcode 'outputs' to avoid re-running this script phase.\necho \"SUCCESS\" > \"${SCRIPT_OUTPUT_FILE_0}\"\n";
			showEnvVarsInLog = 0;
		};
/* End PBXShellScriptBuildPhase section */

/* Begin PBXSourcesBuildPhase section */
		8285B2632A28AA0500A843DF /* Sources */ = {
			isa = PBXSourcesBuildPhase;
			buildActionMask = 2147483647;
			files = (
				8285B26D2A28AA0500A843DF /* RootView.swift in Sources */,
				823120BA2A30CB4D005DCBA0 /* RootDomain.swift in Sources */,
				823120B82A30B8A7005DCBA0 /* MyPageView.swift in Sources */,
				823120B62A30B89D005DCBA0 /* MapView.swift in Sources */,
				8285B26B2A28AA0500A843DF /* kkosunaeApp.swift in Sources */,
			);
			runOnlyForDeploymentPostprocessing = 0;
		};
		8285B2732A28AA0700A843DF /* Sources */ = {
			isa = PBXSourcesBuildPhase;
			buildActionMask = 2147483647;
			files = (
				8285B27C2A28AA0700A843DF /* kkosunaeTests.swift in Sources */,
			);
			runOnlyForDeploymentPostprocessing = 0;
		};
		8285B27D2A28AA0700A843DF /* Sources */ = {
			isa = PBXSourcesBuildPhase;
			buildActionMask = 2147483647;
			files = (
				8285B2882A28AA0700A843DF /* kkosunaeUITestsLaunchTests.swift in Sources */,
				8285B2862A28AA0700A843DF /* kkosunaeUITests.swift in Sources */,
			);
			runOnlyForDeploymentPostprocessing = 0;
		};
/* End PBXSourcesBuildPhase section */

/* Begin PBXTargetDependency section */
		8285B2792A28AA0700A843DF /* PBXTargetDependency */ = {
			isa = PBXTargetDependency;
			target = 8285B2662A28AA0500A843DF /* kkosunae */;
			targetProxy = 8285B2782A28AA0700A843DF /* PBXContainerItemProxy */;
		};
		8285B2832A28AA0700A843DF /* PBXTargetDependency */ = {
			isa = PBXTargetDependency;
			target = 8285B2662A28AA0500A843DF /* kkosunae */;
			targetProxy = 8285B2822A28AA0700A843DF /* PBXContainerItemProxy */;
		};
/* End PBXTargetDependency section */

/* Begin XCBuildConfiguration section */
		8285B2892A28AA0700A843DF /* Debug */ = {
			isa = XCBuildConfiguration;
			buildSettings = {
				ALWAYS_SEARCH_USER_PATHS = NO;
				CLANG_ANALYZER_NONNULL = YES;
				CLANG_ANALYZER_NUMBER_OBJECT_CONVERSION = YES_AGGRESSIVE;
				CLANG_CXX_LANGUAGE_STANDARD = "gnu++20";
				CLANG_ENABLE_MODULES = YES;
				CLANG_ENABLE_OBJC_ARC = YES;
				CLANG_ENABLE_OBJC_WEAK = YES;
				CLANG_WARN_BLOCK_CAPTURE_AUTORELEASING = YES;
				CLANG_WARN_BOOL_CONVERSION = YES;
				CLANG_WARN_COMMA = YES;
				CLANG_WARN_CONSTANT_CONVERSION = YES;
				CLANG_WARN_DEPRECATED_OBJC_IMPLEMENTATIONS = YES;
				CLANG_WARN_DIRECT_OBJC_ISA_USAGE = YES_ERROR;
				CLANG_WARN_DOCUMENTATION_COMMENTS = YES;
				CLANG_WARN_EMPTY_BODY = YES;
				CLANG_WARN_ENUM_CONVERSION = YES;
				CLANG_WARN_INFINITE_RECURSION = YES;
				CLANG_WARN_INT_CONVERSION = YES;
				CLANG_WARN_NON_LITERAL_NULL_CONVERSION = YES;
				CLANG_WARN_OBJC_IMPLICIT_RETAIN_SELF = YES;
				CLANG_WARN_OBJC_LITERAL_CONVERSION = YES;
				CLANG_WARN_OBJC_ROOT_CLASS = YES_ERROR;
				CLANG_WARN_QUOTED_INCLUDE_IN_FRAMEWORK_HEADER = YES;
				CLANG_WARN_RANGE_LOOP_ANALYSIS = YES;
				CLANG_WARN_STRICT_PROTOTYPES = YES;
				CLANG_WARN_SUSPICIOUS_MOVE = YES;
				CLANG_WARN_UNGUARDED_AVAILABILITY = YES_AGGRESSIVE;
				CLANG_WARN_UNREACHABLE_CODE = YES;
				CLANG_WARN__DUPLICATE_METHOD_MATCH = YES;
				COPY_PHASE_STRIP = NO;
				DEBUG_INFORMATION_FORMAT = dwarf;
				ENABLE_STRICT_OBJC_MSGSEND = YES;
				ENABLE_TESTABILITY = YES;
				GCC_C_LANGUAGE_STANDARD = gnu11;
				GCC_DYNAMIC_NO_PIC = NO;
				GCC_NO_COMMON_BLOCKS = YES;
				GCC_OPTIMIZATION_LEVEL = 0;
				GCC_PREPROCESSOR_DEFINITIONS = (
					"DEBUG=1",
					"$(inherited)",
				);
				GCC_WARN_64_TO_32_BIT_CONVERSION = YES;
				GCC_WARN_ABOUT_RETURN_TYPE = YES_ERROR;
				GCC_WARN_UNDECLARED_SELECTOR = YES;
				GCC_WARN_UNINITIALIZED_AUTOS = YES_AGGRESSIVE;
				GCC_WARN_UNUSED_FUNCTION = YES;
				GCC_WARN_UNUSED_VARIABLE = YES;
				IPHONEOS_DEPLOYMENT_TARGET = 16.4;
				MTL_ENABLE_DEBUG_INFO = INCLUDE_SOURCE;
				MTL_FAST_MATH = YES;
				ONLY_ACTIVE_ARCH = YES;
				SDKROOT = iphoneos;
				SWIFT_ACTIVE_COMPILATION_CONDITIONS = DEBUG;
				SWIFT_OPTIMIZATION_LEVEL = "-Onone";
			};
			name = Debug;
		};
		8285B28A2A28AA0700A843DF /* Release */ = {
			isa = XCBuildConfiguration;
			buildSettings = {
				ALWAYS_SEARCH_USER_PATHS = NO;
				CLANG_ANALYZER_NONNULL = YES;
				CLANG_ANALYZER_NUMBER_OBJECT_CONVERSION = YES_AGGRESSIVE;
				CLANG_CXX_LANGUAGE_STANDARD = "gnu++20";
				CLANG_ENABLE_MODULES = YES;
				CLANG_ENABLE_OBJC_ARC = YES;
				CLANG_ENABLE_OBJC_WEAK = YES;
				CLANG_WARN_BLOCK_CAPTURE_AUTORELEASING = YES;
				CLANG_WARN_BOOL_CONVERSION = YES;
				CLANG_WARN_COMMA = YES;
				CLANG_WARN_CONSTANT_CONVERSION = YES;
				CLANG_WARN_DEPRECATED_OBJC_IMPLEMENTATIONS = YES;
				CLANG_WARN_DIRECT_OBJC_ISA_USAGE = YES_ERROR;
				CLANG_WARN_DOCUMENTATION_COMMENTS = YES;
				CLANG_WARN_EMPTY_BODY = YES;
				CLANG_WARN_ENUM_CONVERSION = YES;
				CLANG_WARN_INFINITE_RECURSION = YES;
				CLANG_WARN_INT_CONVERSION = YES;
				CLANG_WARN_NON_LITERAL_NULL_CONVERSION = YES;
				CLANG_WARN_OBJC_IMPLICIT_RETAIN_SELF = YES;
				CLANG_WARN_OBJC_LITERAL_CONVERSION = YES;
				CLANG_WARN_OBJC_ROOT_CLASS = YES_ERROR;
				CLANG_WARN_QUOTED_INCLUDE_IN_FRAMEWORK_HEADER = YES;
				CLANG_WARN_RANGE_LOOP_ANALYSIS = YES;
				CLANG_WARN_STRICT_PROTOTYPES = YES;
				CLANG_WARN_SUSPICIOUS_MOVE = YES;
				CLANG_WARN_UNGUARDED_AVAILABILITY = YES_AGGRESSIVE;
				CLANG_WARN_UNREACHABLE_CODE = YES;
				CLANG_WARN__DUPLICATE_METHOD_MATCH = YES;
				COPY_PHASE_STRIP = NO;
				DEBUG_INFORMATION_FORMAT = "dwarf-with-dsym";
				ENABLE_NS_ASSERTIONS = NO;
				ENABLE_STRICT_OBJC_MSGSEND = YES;
				GCC_C_LANGUAGE_STANDARD = gnu11;
				GCC_NO_COMMON_BLOCKS = YES;
				GCC_WARN_64_TO_32_BIT_CONVERSION = YES;
				GCC_WARN_ABOUT_RETURN_TYPE = YES_ERROR;
				GCC_WARN_UNDECLARED_SELECTOR = YES;
				GCC_WARN_UNINITIALIZED_AUTOS = YES_AGGRESSIVE;
				GCC_WARN_UNUSED_FUNCTION = YES;
				GCC_WARN_UNUSED_VARIABLE = YES;
				IPHONEOS_DEPLOYMENT_TARGET = 16.4;
				MTL_ENABLE_DEBUG_INFO = NO;
				MTL_FAST_MATH = YES;
				SDKROOT = iphoneos;
				SWIFT_COMPILATION_MODE = wholemodule;
				SWIFT_OPTIMIZATION_LEVEL = "-O";
				VALIDATE_PRODUCT = YES;
			};
			name = Release;
		};
		8285B28C2A28AA0700A843DF /* Debug */ = {
			isa = XCBuildConfiguration;
			baseConfigurationReference = EBB65E1A260797A701B35F72 /* Pods-kkosunae.debug.xcconfig */;
			buildSettings = {
				ASSETCATALOG_COMPILER_APPICON_NAME = AppIcon;
				ASSETCATALOG_COMPILER_GLOBAL_ACCENT_COLOR_NAME = AccentColor;
				CODE_SIGN_STYLE = Automatic;
				CURRENT_PROJECT_VERSION = 1;
				DEVELOPMENT_ASSET_PATHS = "\"kkosunae/Preview Content\"";
				DEVELOPMENT_TEAM = 6LLMUXG33J;
				ENABLE_PREVIEWS = YES;
				GENERATE_INFOPLIST_FILE = YES;
				INFOPLIST_FILE = kkosunae/Info.plist;
				INFOPLIST_KEY_UIApplicationSceneManifest_Generation = YES;
				INFOPLIST_KEY_UIApplicationSupportsIndirectInputEvents = YES;
				INFOPLIST_KEY_UILaunchScreen_Generation = YES;
				INFOPLIST_KEY_UISupportedInterfaceOrientations = UIInterfaceOrientationPortrait;
				INFOPLIST_KEY_UIUserInterfaceStyle = Light;
				IPHONEOS_DEPLOYMENT_TARGET = 15.0;
				LD_RUNPATH_SEARCH_PATHS = (
					"$(inherited)",
					"@executable_path/Frameworks",
				);
				MARKETING_VERSION = 1.0;
				PRODUCT_BUNDLE_IDENTIFIER = com.kkosunae;
				PRODUCT_NAME = "$(TARGET_NAME)";
				SUPPORTED_PLATFORMS = "iphoneos iphonesimulator";
				SUPPORTS_MACCATALYST = NO;
				SUPPORTS_MAC_DESIGNED_FOR_IPHONE_IPAD = YES;
				SWIFT_EMIT_LOC_STRINGS = YES;
				SWIFT_VERSION = 5.0;
				TARGETED_DEVICE_FAMILY = 1;
			};
			name = Debug;
		};
		8285B28D2A28AA0700A843DF /* Release */ = {
			isa = XCBuildConfiguration;
			baseConfigurationReference = 926325ED2783C47E6E1F358D /* Pods-kkosunae.release.xcconfig */;
			buildSettings = {
				ASSETCATALOG_COMPILER_APPICON_NAME = AppIcon;
				ASSETCATALOG_COMPILER_GLOBAL_ACCENT_COLOR_NAME = AccentColor;
				CODE_SIGN_STYLE = Automatic;
				CURRENT_PROJECT_VERSION = 1;
				DEVELOPMENT_ASSET_PATHS = "\"kkosunae/Preview Content\"";
				DEVELOPMENT_TEAM = 6LLMUXG33J;
				ENABLE_PREVIEWS = YES;
				GENERATE_INFOPLIST_FILE = YES;
				INFOPLIST_FILE = kkosunae/Info.plist;
				INFOPLIST_KEY_UIApplicationSceneManifest_Generation = YES;
				INFOPLIST_KEY_UIApplicationSupportsIndirectInputEvents = YES;
				INFOPLIST_KEY_UILaunchScreen_Generation = YES;
				INFOPLIST_KEY_UISupportedInterfaceOrientations = UIInterfaceOrientationPortrait;
				INFOPLIST_KEY_UIUserInterfaceStyle = Light;
				IPHONEOS_DEPLOYMENT_TARGET = 15.0;
				LD_RUNPATH_SEARCH_PATHS = (
					"$(inherited)",
					"@executable_path/Frameworks",
				);
				MARKETING_VERSION = 1.0;
				PRODUCT_BUNDLE_IDENTIFIER = com.kkosunae;
				PRODUCT_NAME = "$(TARGET_NAME)";
				SUPPORTED_PLATFORMS = "iphoneos iphonesimulator";
				SUPPORTS_MACCATALYST = NO;
				SUPPORTS_MAC_DESIGNED_FOR_IPHONE_IPAD = YES;
				SWIFT_EMIT_LOC_STRINGS = YES;
				SWIFT_VERSION = 5.0;
				TARGETED_DEVICE_FAMILY = 1;
			};
			name = Release;
		};
		8285B28F2A28AA0700A843DF /* Debug */ = {
			isa = XCBuildConfiguration;
			baseConfigurationReference = 23F8B4CB7699E05FA3CF36AD /* Pods-kkosunaeTests.debug.xcconfig */;
			buildSettings = {
				ALWAYS_EMBED_SWIFT_STANDARD_LIBRARIES = YES;
				BUNDLE_LOADER = "$(TEST_HOST)";
				CODE_SIGN_STYLE = Automatic;
				CURRENT_PROJECT_VERSION = 1;
				DEVELOPMENT_TEAM = 6LLMUXG33J;
				GENERATE_INFOPLIST_FILE = YES;
				IPHONEOS_DEPLOYMENT_TARGET = 16.4;
				MARKETING_VERSION = 1.0;
				PRODUCT_BUNDLE_IDENTIFIER = com.kkosunaeTests;
				PRODUCT_NAME = "$(TARGET_NAME)";
				SWIFT_EMIT_LOC_STRINGS = NO;
				SWIFT_VERSION = 5.0;
				TARGETED_DEVICE_FAMILY = "1,2";
				TEST_HOST = "$(BUILT_PRODUCTS_DIR)/kkosunae.app/$(BUNDLE_EXECUTABLE_FOLDER_PATH)/kkosunae";
			};
			name = Debug;
		};
		8285B2902A28AA0700A843DF /* Release */ = {
			isa = XCBuildConfiguration;
			baseConfigurationReference = B39D768D837C1B15B341DCE4 /* Pods-kkosunaeTests.release.xcconfig */;
			buildSettings = {
				ALWAYS_EMBED_SWIFT_STANDARD_LIBRARIES = YES;
				BUNDLE_LOADER = "$(TEST_HOST)";
				CODE_SIGN_STYLE = Automatic;
				CURRENT_PROJECT_VERSION = 1;
				DEVELOPMENT_TEAM = 6LLMUXG33J;
				GENERATE_INFOPLIST_FILE = YES;
				IPHONEOS_DEPLOYMENT_TARGET = 16.4;
				MARKETING_VERSION = 1.0;
				PRODUCT_BUNDLE_IDENTIFIER = com.kkosunaeTests;
				PRODUCT_NAME = "$(TARGET_NAME)";
				SWIFT_EMIT_LOC_STRINGS = NO;
				SWIFT_VERSION = 5.0;
				TARGETED_DEVICE_FAMILY = "1,2";
				TEST_HOST = "$(BUILT_PRODUCTS_DIR)/kkosunae.app/$(BUNDLE_EXECUTABLE_FOLDER_PATH)/kkosunae";
			};
			name = Release;
		};
		8285B2922A28AA0700A843DF /* Debug */ = {
			isa = XCBuildConfiguration;
			baseConfigurationReference = AC5D3F86F76FB802402009EB /* Pods-kkosunae-kkosunaeUITests.debug.xcconfig */;
			buildSettings = {
				ALWAYS_EMBED_SWIFT_STANDARD_LIBRARIES = YES;
				CODE_SIGN_STYLE = Automatic;
				CURRENT_PROJECT_VERSION = 1;
				DEVELOPMENT_TEAM = 6LLMUXG33J;
				GENERATE_INFOPLIST_FILE = YES;
				MARKETING_VERSION = 1.0;
				PRODUCT_BUNDLE_IDENTIFIER = com.kkosunaeUITests;
				PRODUCT_NAME = "$(TARGET_NAME)";
				SWIFT_EMIT_LOC_STRINGS = NO;
				SWIFT_VERSION = 5.0;
				TARGETED_DEVICE_FAMILY = "1,2";
				TEST_TARGET_NAME = kkosunae;
			};
			name = Debug;
		};
		8285B2932A28AA0700A843DF /* Release */ = {
			isa = XCBuildConfiguration;
			baseConfigurationReference = D52DE4BD4E4710447AA5D55F /* Pods-kkosunae-kkosunaeUITests.release.xcconfig */;
			buildSettings = {
				ALWAYS_EMBED_SWIFT_STANDARD_LIBRARIES = YES;
				CODE_SIGN_STYLE = Automatic;
				CURRENT_PROJECT_VERSION = 1;
				DEVELOPMENT_TEAM = 6LLMUXG33J;
				GENERATE_INFOPLIST_FILE = YES;
				MARKETING_VERSION = 1.0;
				PRODUCT_BUNDLE_IDENTIFIER = com.kkosunaeUITests;
				PRODUCT_NAME = "$(TARGET_NAME)";
				SWIFT_EMIT_LOC_STRINGS = NO;
				SWIFT_VERSION = 5.0;
				TARGETED_DEVICE_FAMILY = "1,2";
				TEST_TARGET_NAME = kkosunae;
			};
			name = Release;
		};
/* End XCBuildConfiguration section */

/* Begin XCConfigurationList section */
		8285B2622A28AA0500A843DF /* Build configuration list for PBXProject "kkosunae" */ = {
			isa = XCConfigurationList;
			buildConfigurations = (
				8285B2892A28AA0700A843DF /* Debug */,
				8285B28A2A28AA0700A843DF /* Release */,
			);
			defaultConfigurationIsVisible = 0;
			defaultConfigurationName = Release;
		};
		8285B28B2A28AA0700A843DF /* Build configuration list for PBXNativeTarget "kkosunae" */ = {
			isa = XCConfigurationList;
			buildConfigurations = (
				8285B28C2A28AA0700A843DF /* Debug */,
				8285B28D2A28AA0700A843DF /* Release */,
			);
			defaultConfigurationIsVisible = 0;
			defaultConfigurationName = Release;
		};
		8285B28E2A28AA0700A843DF /* Build configuration list for PBXNativeTarget "kkosunaeTests" */ = {
			isa = XCConfigurationList;
			buildConfigurations = (
				8285B28F2A28AA0700A843DF /* Debug */,
				8285B2902A28AA0700A843DF /* Release */,
			);
			defaultConfigurationIsVisible = 0;
			defaultConfigurationName = Release;
		};
		8285B2912A28AA0700A843DF /* Build configuration list for PBXNativeTarget "kkosunaeUITests" */ = {
			isa = XCConfigurationList;
			buildConfigurations = (
				8285B2922A28AA0700A843DF /* Debug */,
				8285B2932A28AA0700A843DF /* Release */,
			);
			defaultConfigurationIsVisible = 0;
			defaultConfigurationName = Release;
		};
/* End XCConfigurationList section */

/* Begin XCRemoteSwiftPackageReference section */
		8280B6BD2A2DD6E20089AE10 /* XCRemoteSwiftPackageReference "swift-composable-architecture" */ = {
			isa = XCRemoteSwiftPackageReference;
			repositoryURL = "https://github.com/pointfreeco/swift-composable-architecture";
			requirement = {
				kind = upToNextMajorVersion;
				minimumVersion = 0.54.0;
			};
		};
/* End XCRemoteSwiftPackageReference section */

/* Begin XCSwiftPackageProductDependency section */
		8280B6BE2A2DD6E20089AE10 /* ComposableArchitecture */ = {
			isa = XCSwiftPackageProductDependency;
			package = 8280B6BD2A2DD6E20089AE10 /* XCRemoteSwiftPackageReference "swift-composable-architecture" */;
			productName = ComposableArchitecture;
		};
/* End XCSwiftPackageProductDependency section */
	};
	rootObject = 8285B25F2A28AA0500A843DF /* Project object */;
}
